// !$*UTF8*$!
{
	archiveVersion = 1;
	classes = {
	};
	objectVersion = 48;
	objects = {

/* Begin PBXBuildFile section */
		DBD8F8F7200CEDBE00F33364 /* AppDelegate.m in Sources */ = {isa = PBXBuildFile; fileRef = DBD8F8F6200CEDBE00F33364 /* AppDelegate.m */; };
		DBD8F8FA200CEDBE00F33364 /* ViewController.m in Sources */ = {isa = PBXBuildFile; fileRef = DBD8F8F9200CEDBE00F33364 /* ViewController.m */; };
		DBD8F8FD200CEDBE00F33364 /* Main.storyboard in Resources */ = {isa = PBXBuildFile; fileRef = DBD8F8FB200CEDBE00F33364 /* Main.storyboard */; };
		DBD8F8FF200CEDBE00F33364 /* Assets.xcassets in Resources */ = {isa = PBXBuildFile; fileRef = DBD8F8FE200CEDBE00F33364 /* Assets.xcassets */; };
		DBD8F902200CEDBE00F33364 /* LaunchScreen.storyboard in Resources */ = {isa = PBXBuildFile; fileRef = DBD8F900200CEDBE00F33364 /* LaunchScreen.storyboard */; };
		DBD8F905200CEDBE00F33364 /* main.m in Sources */ = {isa = PBXBuildFile; fileRef = DBD8F904200CEDBE00F33364 /* main.m */; };
/* End PBXBuildFile section */

/* Begin PBXFileReference section */
		DBD8F8F2200CEDBE00F33364 /* RITLSDCycleScrollView.app */ = {isa = PBXFileReference; explicitFileType = wrapper.application; includeInIndex = 0; path = RITLSDCycleScrollView.app; sourceTree = BUILT_PRODUCTS_DIR; };
		DBD8F8F5200CEDBE00F33364 /* AppDelegate.h */ = {isa = PBXFileReference; lastKnownFileType = sourcecode.c.h; path = AppDelegate.h; sourceTree = "<group>"; };
		DBD8F8F6200CEDBE00F33364 /* AppDelegate.m */ = {isa = PBXFileReference; lastKnownFileType = sourcecode.c.objc; path = AppDelegate.m; sourceTree = "<group>"; };
		DBD8F8F8200CEDBE00F33364 /* ViewController.h */ = {isa = PBXFileReference; lastKnownFileType = sourcecode.c.h; path = ViewController.h; sourceTree = "<group>"; };
		DBD8F8F9200CEDBE00F33364 /* ViewController.m */ = {isa = PBXFileReference; lastKnownFileType = sourcecode.c.objc; path = ViewController.m; sourceTree = "<group>"; };
		DBD8F8FC200CEDBE00F33364 /* Base */ = {isa = PBXFileReference; lastKnownFileType = file.storyboard; name = Base; path = Base.lproj/Main.storyboard; sourceTree = "<group>"; };
		DBD8F8FE200CEDBE00F33364 /* Assets.xcassets */ = {isa = PBXFileReference; lastKnownFileType = folder.assetcatalog; path = Assets.xcassets; sourceTree = "<group>"; };
		DBD8F901200CEDBE00F33364 /* Base */ = {isa = PBXFileReference; lastKnownFileType = file.storyboard; name = Base; path = Base.lproj/LaunchScreen.storyboard; sourceTree = "<group>"; };
		DBD8F903200CEDBE00F33364 /* Info.plist */ = {isa = PBXFileReference; lastKnownFileType = text.plist.xml; path = Info.plist; sourceTree = "<group>"; };
		DBD8F904200CEDBE00F33364 /* main.m */ = {isa = PBXFileReference; lastKnownFileType = sourcecode.c.objc; path = main.m; sourceTree = "<group>"; };
/* End PBXFileReference section */

/* Begin PBXFrameworksBuildPhase section */
		DBD8F8EF200CEDBE00F33364 /* Frameworks */ = {
			isa = PBXFrameworksBuildPhase;
			buildActionMask = 2147483647;
			files = (
			);
			runOnlyForDeploymentPostprocessing = 0;
		};
/* End PBXFrameworksBuildPhase section */

/* Begin PBXGroup section */
		DBD8F8E9200CEDBE00F33364 = {
			isa = PBXGroup;
			children = (
				DBD8F8F4200CEDBE00F33364 /* RITLSDCycleScrollView */,
				DBD8F8F3200CEDBE00F33364 /* Products */,
			);
			sourceTree = "<group>";
		};
		DBD8F8F3200CEDBE00F33364 /* Products */ = {
			isa = PBXGroup;
			children = (
				DBD8F8F2200CEDBE00F33364 /* RITLSDCycleScrollView.app */,
			);
			name = Products;
			sourceTree = "<group>";
		};
		DBD8F8F4200CEDBE00F33364 /* RITLSDCycleScrollView */ = {
			isa = PBXGroup;
			children = (
				DBD8F8F5200CEDBE00F33364 /* AppDelegate.h */,
				DBD8F8F6200CEDBE00F33364 /* AppDelegate.m */,
				DBD8F8F8200CEDBE00F33364 /* ViewController.h */,
				DBD8F8F9200CEDBE00F33364 /* ViewController.m */,
				DBD8F8FB200CEDBE00F33364 /* Main.storyboard */,
				DBD8F8FE200CEDBE00F33364 /* Assets.xcassets */,
				DBD8F900200CEDBE00F33364 /* LaunchScreen.storyboard */,
				DBD8F903200CEDBE00F33364 /* Info.plist */,
				DBD8F904200CEDBE00F33364 /* main.m */,
			);
			path = RITLSDCycleScrollView;
			sourceTree = "<group>";
		};
/* End PBXGroup section */

/* Begin PBXNativeTarget section */
		DBD8F8F1200CEDBE00F33364 /* RITLSDCycleScrollView */ = {
			isa = PBXNativeTarget;
			buildConfigurationList = DBD8F908200CEDBE00F33364 /* Build configuration list for PBXNativeTarget "RITLSDCycleScrollView" */;
			buildPhases = (
				DBD8F8EE200CEDBE00F33364 /* Sources */,
				DBD8F8EF200CEDBE00F33364 /* Frameworks */,
				DBD8F8F0200CEDBE00F33364 /* Resources */,
			);
			buildRules = (
			);
			dependencies = (
			);
			name = RITLSDCycleScrollView;
			productName = RITLSDCycleScrollView;
			productReference = DBD8F8F2200CEDBE00F33364 /* RITLSDCycleScrollView.app */;
			productType = "com.apple.product-type.application";
		};
/* End PBXNativeTarget section */

/* Begin PBXProject section */
		DBD8F8EA200CEDBE00F33364 /* Project object */ = {
			isa = PBXProject;
			attributes = {
				LastUpgradeCheck = 0920;
				ORGANIZATIONNAME = YueWen;
				TargetAttributes = {
					DBD8F8F1200CEDBE00F33364 = {
						CreatedOnToolsVersion = 9.2;
						ProvisioningStyle = Automatic;
					};
				};
			};
			buildConfigurationList = DBD8F8ED200CEDBE00F33364 /* Build configuration list for PBXProject "RITLSDCycleScrollView" */;
			compatibilityVersion = "Xcode 8.0";
			developmentRegion = en;
			hasScannedForEncodings = 0;
			knownRegions = (
				en,
				Base,
			);
			mainGroup = DBD8F8E9200CEDBE00F33364;
			productRefGroup = DBD8F8F3200CEDBE00F33364 /* Products */;
			projectDirPath = "";
			projectRoot = "";
			targets = (
				DBD8F8F1200CEDBE00F33364 /* RITLSDCycleScrollView */,
			);
		};
/* End PBXProject section */

/* Begin PBXResourcesBuildPhase section */
		DBD8F8F0200CEDBE00F33364 /* Resources */ = {
			isa = PBXResourcesBuildPhase;
			buildActionMask = 2147483647;
			files = (
				DBD8F902200CEDBE00F33364 /* LaunchScreen.storyboard in Resources */,
				DBD8F8FF200CEDBE00F33364 /* Assets.xcassets in Resources */,
				DBD8F8FD200CEDBE00F33364 /* Main.storyboard in Resources */,
			);
			runOnlyForDeploymentPostprocessing = 0;
		};
/* End PBXResourcesBuildPhase section */

/* Begin PBXSourcesBuildPhase section */
		DBD8F8EE200CEDBE00F33364 /* Sources */ = {
			isa = PBXSourcesBuildPhase;
			buildActionMask = 2147483647;
			files = (
				DBD8F8FA200CEDBE00F33364 /* ViewController.m in Sources */,
				DBD8F905200CEDBE00F33364 /* main.m in Sources */,
				DBD8F8F7200CEDBE00F33364 /* AppDelegate.m in Sources */,
			);
			runOnlyForDeploymentPostprocessing = 0;
		};
/* End PBXSourcesBuildPhase section */

/* Begin PBXVariantGroup section */
		DBD8F8FB200CEDBE00F33364 /* Main.storyboard */ = {
			isa = PBXVariantGroup;
			children = (
				DBD8F8FC200CEDBE00F33364 /* Base */,
			);
			name = Main.storyboard;
			sourceTree = "<group>";
		};
		DBD8F900200CEDBE00F33364 /* LaunchScreen.storyboard */ = {
			isa = PBXVariantGroup;
			children = (
				DBD8F901200CEDBE00F33364 /* Base */,
			);
			name = LaunchScreen.storyboard;
			sourceTree = "<group>";
		};
/* End PBXVariantGroup section */

/* Begin XCBuildConfiguration section */
		DBD8F906200CEDBE00F33364 /* Debug */ = {
			isa = XCBuildConfiguration;
			buildSettings = {
				ALWAYS_SEARCH_USER_PATHS = NO;
				CLANG_ANALYZER_NONNULL = YES;
				CLANG_ANALYZER_NUMBER_OBJECT_CONVERSION = YES_AGGRESSIVE;
				CLANG_CXX_LANGUAGE_STANDARD = "gnu++14";
				CLANG_CXX_LIBRARY = "libc++";
				CLANG_ENABLE_MODULES = YES;
				CLANG_ENABLE_OBJC_ARC = YES;
				CLANG_WARN_BLOCK_CAPTURE_AUTORELEASING = YES;
				CLANG_WARN_BOOL_CONVERSION = YES;
				CLANG_WARN_COMMA = YES;
				CLANG_WARN_CONSTANT_CONVERSION = YES;
				CLANG_WARN_DIRECT_OBJC_ISA_USAGE = YES_ERROR;
				CLANG_WARN_DOCUMENTATION_COMMENTS = YES;
				CLANG_WARN_EMPTY_BODY = YES;
				CLANG_WARN_ENUM_CONVERSION = YES;
				CLANG_WARN_INFINITE_RECURSION = YES;
				CLANG_WARN_INT_CONVERSION = YES;
				CLANG_WARN_NON_LITERAL_NULL_CONVERSION = YES;
				CLANG_WARN_OBJC_LITERAL_CONVERSION = YES;
				CLANG_WARN_OBJC_ROOT_CLASS = YES_ERROR;
				CLANG_WARN_RANGE_LOOP_ANALYSIS = YES;
				CLANG_WARN_STRICT_PROTOTYPES = YES;
				CLANG_WARN_SUSPICIOUS_MOVE = YES;
				CLANG_WARN_UNGUARDED_AVAILABILITY = YES_AGGRESSIVE;
				CLANG_WARN_UNREACHABLE_CODE = YES;
				CLANG_WARN__DUPLICATE_METHOD_MATCH = YES;
				CODE_SIGN_IDENTITY = "iPhone Developer";
				COPY_PHASE_STRIP = NO;
				DEBUG_INFORMATION_FORMAT = dwarf;
				ENABLE_STRICT_OBJC_MSGSEND = YES;
				ENABLE_TESTABILITY = YES;
				GCC_C_LANGUAGE_STANDARD = gnu11;
				GCC_DYNAMIC_NO_PIC = NO;
				GCC_NO_COMMON_BLOCKS = YES;
				GCC_OPTIMIZATION_LEVEL = 0;
				GCC_PREPROCESSOR_DEFINITIONS = (
					"DEBUG=1",
					"$(inherited)",
				);
				GCC_WARN_64_TO_32_BIT_CONVERSION = YES;
				GCC_WARN_ABOUT_RETURN_TYPE = YES_ERROR;
				GCC_WARN_UNDECLARED_SELECTOR = YES;
				GCC_WARN_UNINITIALIZED_AUTOS = YES_AGGRESSIVE;
				GCC_WARN_UNUSED_FUNCTION = YES;
				GCC_WARN_UNUSED_VARIABLE = YES;
				IPHONEOS_DEPLOYMENT_TARGET = 11.2;
				MTL_ENABLE_DEBUG_INFO = YES;
				ONLY_ACTIVE_ARCH = YES;
				SDKROOT = iphoneos;
			};
			name = Debug;
		};
		DBD8F907200CEDBE00F33364 /* Release */ = {
			isa = XCBuildConfiguration;
			buildSettings = {
				ALWAYS_SEARCH_USER_PATHS = NO;
				CLANG_ANALYZER_NONNULL = YES;
				CLANG_ANALYZER_NUMBER_OBJECT_CONVERSION = YES_AGGRESSIVE;
				CLANG_CXX_LANGUAGE_STANDARD = "gnu++14";
				CLANG_CXX_LIBRARY = "libc++";
				CLANG_ENABLE_MODULES = YES;
				CLANG_ENABLE_OBJC_ARC = YES;
				CLANG_WARN_BLOCK_CAPTURE_AUTORELEASING = YES;
				CLANG_WARN_BOOL_CONVERSION = YES;
				CLANG_WARN_COMMA = YES;
				CLANG_WARN_CONSTANT_CONVERSION = YES;
				CLANG_WARN_DIRECT_OBJC_ISA_USAGE = YES_ERROR;
				CLANG_WARN_DOCUMENTATION_COMMENTS = YES;
				CLANG_WARN_EMPTY_BODY = YES;
				CLANG_WARN_ENUM_CONVERSION = YES;
				CLANG_WARN_INFINITE_RECURSION = YES;
				CLANG_WARN_INT_CONVERSION = YES;
				CLANG_WARN_NON_LITERAL_NULL_CONVERSION = YES;
				CLANG_WARN_OBJC_LITERAL_CONVERSION = YES;
				CLANG_WARN_OBJC_ROOT_CLASS = YES_ERROR;
				CLANG_WARN_RANGE_LOOP_ANALYSIS = YES;
				CLANG_WARN_STRICT_PROTOTYPES = YES;
				CLANG_WARN_SUSPICIOUS_MOVE = YES;
				CLANG_WARN_UNGUARDED_AVAILABILITY = YES_AGGRESSIVE;
				CLANG_WARN_UNREACHABLE_CODE = YES;
				CLANG_WARN__DUPLICATE_METHOD_MATCH = YES;
				CODE_SIGN_IDENTITY = "iPhone Developer";
				COPY_PHASE_STRIP = NO;
				DEBUG_INFORMATION_FORMAT = "dwarf-with-dsym";
				ENABLE_NS_ASSERTIONS = NO;
				ENABLE_STRICT_OBJC_MSGSEND = YES;
				GCC_C_LANGUAGE_STANDARD = gnu11;
				GCC_NO_COMMON_BLOCKS = YES;
				GCC_WARN_64_TO_32_BIT_CONVERSION = YES;
				GCC_WARN_ABOUT_RETURN_TYPE = YES_ERROR;
				GCC_WARN_UNDECLARED_SELECTOR = YES;
				GCC_WARN_UNINITIALIZED_AUTOS = YES_AGGRESSIVE;
				GCC_WARN_UNUSED_FUNCTION = YES;
				GCC_WARN_UNUSED_VARIABLE = YES;
				IPHONEOS_DEPLOYMENT_TARGET = 11.2;
				MTL_ENABLE_DEBUG_INFO = NO;
				SDKROOT = iphoneos;
				VALIDATE_PRODUCT = YES;
			};
			name = Release;
		};
		DBD8F909200CEDBE00F33364 /* Debug */ = {
			isa = XCBuildConfiguration;
			buildSettings = {
				ASSETCATALOG_COMPILER_APPICON_NAME = AppIcon;
				CODE_SIGN_STYLE = Automatic;
				DEVELOPMENT_TEAM = 8S4NWFZC5J;
				INFOPLIST_FILE = RITLSDCycleScrollView/Info.plist;
				LD_RUNPATH_SEARCH_PATHS = "$(inherited) @executable_path/Frameworks";
				PRODUCT_BUNDLE_IDENTIFIER = com.yue.RITLSDCycleScrollView;
				PRODUCT_NAME = "$(TARGET_NAME)";
				TARGETED_DEVICE_FAMILY = "1,2";
			};
			name = Debug;
		};
		DBD8F90A200CEDBE00F33364 /* Release */ = {
			isa = XCBuildConfiguration;
			buildSettings = {
				ASSETCATALOG_COMPILER_APPICON_NAME = AppIcon;
				CODE_SIGN_STYLE = Automatic;
				DEVELOPMENT_TEAM = 8S4NWFZC5J;
				INFOPLIST_FILE = RITLSDCycleScrollView/Info.plist;
				LD_RUNPATH_SEARCH_PATHS = "$(inherited) @executable_path/Frameworks";
				PRODUCT_BUNDLE_IDENTIFIER = com.yue.RITLSDCycleScrollView;
				PRODUCT_NAME = "$(TARGET_NAME)";
				TARGETED_DEVICE_FAMILY = "1,2";
			};
			name = Release;
		};
/* End XCBuildConfiguration section */

/* Begin XCConfigurationList section */
		DBD8F8ED200CEDBE00F33364 /* Build configuration list for PBXProject "RITLSDCycleScrollView" */ = {
			isa = XCConfigurationList;
			buildConfigurations = (
				DBD8F906200CEDBE00F33364 /* Debug */,
				DBD8F907200CEDBE00F33364 /* Release */,
			);
			defaultConfigurationIsVisible = 0;
			defaultConfigurationName = Release;
		};
		DBD8F908200CEDBE00F33364 /* Build configuration list for PBXNativeTarget "RITLSDCycleScrollView" */ = {
			isa = XCConfigurationList;
			buildConfigurations = (
				DBD8F909200CEDBE00F33364 /* Debug */,
				DBD8F90A200CEDBE00F33364 /* Release */,
			);
			defaultConfigurationIsVisible = 0;
			defaultConfigurationName = Release;
		};
/* End XCConfigurationList section */
	};
	rootObject = DBD8F8EA200CEDBE00F33364 /* Project object */;
}
